
Microsoft Visual Studio Solution File, Format Version 12.00
# Visual Studio Version 16
VisualStudioVersion = 16.0.30907.101
MinimumVisualStudioVersion = 10.0.40219.1
Project("{FAE04EC0-301F-11D3-BF4B-00C04F79EFBC}") = "JaredSearleISM4300IterativeStatement", "JaredSearleISM4300IterativeStatement\JaredSearleISM4300IterativeStatement.csproj", "{BE92F25E-C125-46FF-AF5C-ED6BFE75F0AF}"
EndProject
Global
	GlobalSection(SolutionConfigurationPlatforms) = preSolution
		Debug|Any CPU = Debug|Any CPU
		Release|Any CPU = Release|Any CPU
	EndGlobalSection
	GlobalSection(ProjectConfigurationPlatforms) = postSolution
		{BE92F25E-C125-46FF-AF5C-ED6BFE75F0AF}.Debug|Any CPU.ActiveCfg = Debug|Any CPU
		{BE92F25E-C125-46FF-AF5C-ED6BFE75F0AF}.Debug|Any CPU.Build.0 = Debug|Any CPU
		{BE92F25E-C125-46FF-AF5C-ED6BFE75F0AF}.Release|Any CPU.ActiveCfg = Release|Any CPU
		{BE92F25E-C125-46FF-AF5C-ED6BFE75F0AF}.Release|Any CPU.Build.0 = Release|Any CPU
	EndGlobalSection
	GlobalSection(SolutionProperties) = preSolution
		HideSolutionNode = FALSE
	EndGlobalSection
	GlobalSection(ExtensibilityGlobals) = postSolution
		SolutionGuid = {C38FA2A6-5264-4D0F-9DE5-B0283A4724B5}
	EndGlobalSection
EndGlobal
